<?xml version="1.0" encoding="utf-8"?>
<Project ToolsVersion="4.0" xmlns="http://schemas.microsoft.com/developer/msbuild/2003">
  <ItemGroup>
    <Filter Include="Core">
      <UniqueIdentifier>{a1b2c3d4-0001-0001-0001-000000000001}</UniqueIdentifier>
    </Filter>
    <Filter Include="Externals">
      <UniqueIdentifier>{a1b2c3d4-0002-0002-0002-000000000002}</UniqueIdentifier>
    </Filter>
    <Filter Include="Gameplay">
      <UniqueIdentifier>{a1b2c3d4-0003-0003-0003-000000000003}</UniqueIdentifier>
    </Filter>
    <Filter Include="Gameplay\Player">
      <UniqueIdentifier>{a1b2c3d4-0004-0004-0004-000000000004}</UniqueIdentifier>
    </Filter>
    <Filter Include="Rendering">
      <UniqueIdentifier>{a1b2c3d4-0005-0005-0005-000000000005}</UniqueIdentifier>
    </Filter>
    <Filter Include="Rendering\Shaders">
      <UniqueIdentifier>{a1b2c3d4-0006-0006-0006-000000000006}</UniqueIdentifier>
    </Filter>
    <Filter Include="World">
      <UniqueIdentifier>{a1b2c3d4-0007-0007-0007-000000000007}</UniqueIdentifier>
    </Filter>
    <Filter Include="Assets">
      <UniqueIdentifier>{2f5d0e50-e3df-4515-b400-25ef63b4795c}</UniqueIdentifier>
    </Filter>
    <Filter Include="Assets\TextFont">
      <UniqueIdentifier>{c761b7c1-9981-4eb2-ad4a-13639dfff473}</UniqueIdentifier>
    </Filter>
    <Filter Include="Assets\Textures">
      <UniqueIdentifier>{884c4a4a-9f8e-4ba1-ac3e-6d91e9456e8f}</UniqueIdentifier>
    </Filter>
  </ItemGroup>
  <!-- CPP / C -->
  <ItemGroup>
    <ClCompile Include="src\Core\Globals.cpp">
      <Filter>Core</Filter>
    </ClCompile>
    <ClCompile Include="src\Core\main.cpp">
      <Filter>Core</Filter>
    </ClCompile>
    <ClCompile Include="src\Core\pch.cpp">
      <Filter>Core</Filter>
    </ClCompile>
    <ClCompile Include="src\Core\Time.cpp">
      <Filter>Core</Filter>
    </ClCompile>
    <ClCompile Include="src\Core\Window.cpp">
      <Filter>Core</Filter>
    </ClCompile>
    <ClCompile Include="src\Externals\glad.c">
      <Filter>Externals</Filter>
    </ClCompile>
    <ClCompile Include="src\Gameplay\Camera.cpp">
      <Filter>Gameplay</Filter>
    </ClCompile>
    <ClCompile Include="src\Gameplay\CubeSelection.cpp">
      <Filter>Gameplay</Filter>
    </ClCompile>
    <ClCompile Include="src\Gameplay\DebugUI.cpp">
      <Filter>Gameplay</Filter>
    </ClCompile>
    <ClCompile Include="src\Gameplay\HUD.cpp">
      <Filter>Gameplay</Filter>
    </ClCompile>
    <ClCompile Include="src\Gameplay\HUDSprites.cpp">
      <Filter>Gameplay</Filter>
    </ClCompile>
    <ClCompile Include="src\Gameplay\Raycaster.cpp">
      <Filter>Gameplay</Filter>
    </ClCompile>
    <ClCompile Include="src\Gameplay\UIRenderer.cpp">
      <Filter>Gameplay</Filter>
    </ClCompile>
    <ClCompile Include="src\Gameplay\Player\Player.cpp">
      <Filter>Gameplay\Player</Filter>
    </ClCompile>
    <ClCompile Include="src\Rendering\ShaderProgram.cpp">
      <Filter>Rendering</Filter>
    </ClCompile>
    <ClCompile Include="src\Rendering\stb_image.cpp">
      <Filter>Rendering</Filter>
    </ClCompile>
    <ClCompile Include="src\Rendering\Text.cpp">
      <Filter>Rendering</Filter>
    </ClCompile>
    <ClCompile Include="src\Rendering\Texture.cpp">
      <Filter>Rendering</Filter>
    </ClCompile>
    <ClCompile Include="src\Rendering\Vao.cpp">
      <Filter>Rendering</Filter>
    </ClCompile>
    <ClCompile Include="src\Rendering\Vbo.cpp">
      <Filter>Rendering</Filter>
    </ClCompile>
    <ClCompile Include="src\World\Chunk.cpp">
      <Filter>World</Filter>
    </ClCompile>
    <ClCompile Include="src\World\Cube.cpp">
      <Filter>World</Filter>
    </ClCompile>
    <ClCompile Include="src\World\MeshThread.cpp">
      <Filter>World</Filter>
    </ClCompile>
    <ClCompile Include="src\World\TerrainGeneration.cpp">
      <Filter>World</Filter>
    </ClCompile>
    <ClCompile Include="src\World\TerrainThread.cpp">
      <Filter>World</Filter>
    </ClCompile>
    <ClCompile Include="src\World\World.cpp">
      <Filter>World</Filter>
    </ClCompile>
    <ClCompile Include="src\World\FileIOThread.cpp" />
    <ClCompile Include="src\Core\Engine.cpp" />
    <ClCompile Include="src\Rendering\ResourceManager.cpp" />
    <ClCompile Include="src\Gameplay\Input\InputManager.cpp" />
    <ClCompile Include="src\World\SkyBox.cpp" />
  </ItemGroup>
  <!-- Headers -->
  <ItemGroup>
    <ClInclude Include="src\Core\AppContext.h">
      <Filter>Core</Filter>
    </ClInclude>
    <ClInclude Include="src\Core\Globals.h">
      <Filter>Core</Filter>
    </ClInclude>
    <ClInclude Include="src\Core\pch.h">
      <Filter>Core</Filter>
    </ClInclude>
    <ClInclude Include="src\Core\Time.h">
      <Filter>Core</Filter>
    </ClInclude>
    <ClInclude Include="src\Core\Window.h">
      <Filter>Core</Filter>
    </ClInclude>
    <ClInclude Include="src\Externals\FastNoiseLite.h">
      <Filter>Externals</Filter>
    </ClInclude>
    <ClInclude Include="src\Gameplay\AABB.h">
      <Filter>Gameplay</Filter>
    </ClInclude>
    <ClInclude Include="src\Gameplay\Camera.h">
      <Filter>Gameplay</Filter>
    </ClInclude>
    <ClInclude Include="src\Gameplay\CubeSelection.h">
      <Filter>Gameplay</Filter>
    </ClInclude>
    <ClInclude Include="src\Gameplay\DebugUI.h">
      <Filter>Gameplay</Filter>
    </ClInclude>
    <ClInclude Include="src\Gameplay\HUD.h">
      <Filter>Gameplay</Filter>
    </ClInclude>
    <ClInclude Include="src\Gameplay\HUDSprites.h">
      <Filter>Gameplay</Filter>
    </ClInclude>
    <ClInclude Include="src\Gameplay\Raycaster.h">
      <Filter>Gameplay</Filter>
    </ClInclude>
    <ClInclude Include="src\Gameplay\UIRenderer.h">
      <Filter>Gameplay</Filter>
    </ClInclude>
    <ClInclude Include="src\Gameplay\Player\Player.h">
      <Filter>Gameplay\Player</Filter>
    </ClInclude>
    <ClInclude Include="src\Rendering\ShaderProgram.h">
      <Filter>Rendering</Filter>
    </ClInclude>
    <ClInclude Include="src\Rendering\stb_image.h">
      <Filter>Rendering</Filter>
    </ClInclude>
    <ClInclude Include="src\Rendering\Text.h">
      <Filter>Rendering</Filter>
    </ClInclude>
    <ClInclude Include="src\Rendering\Texture.h">
      <Filter>Rendering</Filter>
    </ClInclude>
    <ClInclude Include="src\Rendering\Vao.h">
      <Filter>Rendering</Filter>
    </ClInclude>
    <ClInclude Include="src\Rendering\Vbo.h">
      <Filter>Rendering</Filter>
    </ClInclude>
    <ClInclude Include="src\World\Chunk.h">
      <Filter>World</Filter>
    </ClInclude>
    <ClInclude Include="src\World\ChunkPackage.h">
      <Filter>World</Filter>
    </ClInclude>
    <ClInclude Include="src\World\Cube.h">
      <Filter>World</Filter>
    </ClInclude>
    <ClInclude Include="src\World\CubeData.h">
      <Filter>World</Filter>
    </ClInclude>
    <ClInclude Include="src\World\MeshThread.h">
      <Filter>World</Filter>
    </ClInclude>
    <ClInclude Include="src\World\TerrainGeneration.h">
      <Filter>World</Filter>
    </ClInclude>
    <ClInclude Include="src\World\TerrainThread.h">
      <Filter>World</Filter>
    </ClInclude>
    <ClInclude Include="src\World\TSQueue.h">
      <Filter>World</Filter>
    </ClInclude>
    <ClInclude Include="src\World\World.h">
      <Filter>World</Filter>
    </ClInclude>
    <ClInclude Include="src\World\FileIOThread.h" />
    <ClInclude Include="src\Core\Engine.h" />
    <ClInclude Include="src\Rendering\ResourceManager.h" />
    <ClInclude Include="src\Gameplay\Input\InputManager.h" />
    <ClInclude Include="src\Gameplay\Input\keycodes.h" />
    <ClInclude Include="src\World\SkyBox.h" />
  </ItemGroup>
  <!-- Shaders -->
  <ItemGroup>
    <None Include=".clang-tidy" />
    <None Include="src\Rendering\Shaders\cubeSelection.frag">
      <Filter>Rendering\Shaders</Filter>
    </None>
    <None Include="src\Rendering\Shaders\cubeSelection.vert">
      <Filter>Rendering\Shaders</Filter>
    </None>
    <None Include="src\Rendering\Shaders\fragment.frag">
      <Filter>Rendering\Shaders</Filter>
    </None>
    <None Include="src\Rendering\Shaders\text.frag">
      <Filter>Rendering\Shaders</Filter>
    </None>
    <None Include="src\Rendering\Shaders\text.vert">
      <Filter>Rendering\Shaders</Filter>
    </None>
    <None Include="src\Rendering\Shaders\UIShader.frag">
      <Filter>Rendering\Shaders</Filter>
    </None>
    <None Include="src\Rendering\Shaders\UIShader.vert">
      <Filter>Rendering\Shaders</Filter>
    </None>
    <None Include="src\Rendering\Shaders\vertex.vert">
      <Filter>Rendering\Shaders</Filter>
    </None>
    <None Include="src\Rendering\Shaders\skybox.vert" />
    <None Include="src\Rendering\Shaders\skybox.frag" />
  </ItemGroup>
  <!-- Assets -->
  <ItemGroup>
    <Image Include="src\Assets\Textures\textures.png">
      <Filter>Assets\Textures</Filter>
    </Image>
    <Image Include="src\Assets\Textures\gui-atlas.png">
      <Filter>Assets\Textures</Filter>
    </Image>
    <Image Include="src\Assets\Textures\oak-leaves-normal-original-default.png">
      <Filter>Assets\Textures</Filter>
    </Image>
    <Image Include="src\Assets\Textures\oak-wood.png">
      <Filter>Assets\Textures</Filter>
    </Image>
  </ItemGroup>
  <ItemGroup>
    <Font Include="src\Assets\TextFont\1_Minecraft-Regular.otf">
      <Filter>Assets\TextFont</Filter>
    </Font>
  </ItemGroup>
</Project>