<?xml version="1.0" encoding="utf-8"?>
<Project ToolsVersion="4.0" xmlns="http://schemas.microsoft.com/developer/msbuild/2003">
  <ItemGroup>
    <Filter Include="Source Files">
      <UniqueIdentifier>{4FC737F1-C7A5-4376-A066-2A32D752A2FF}</UniqueIdentifier>
      <Extensions>cpp;c;cc;cxx;c++;cppm;ixx;def;odl;idl;hpj;bat;asm;asmx</Extensions>
    </Filter>
    <Filter Include="Header Files">
      <UniqueIdentifier>{93995380-89BD-4b04-88EB-625FBE52EBFB}</UniqueIdentifier>
      <Extensions>h;hh;hpp;hxx;h++;hm;inl;inc;ipp;xsd</Extensions>
    </Filter>
    <Filter Include="Resource Files">
      <UniqueIdentifier>{67DA6AB6-F800-4c08-8B7A-83BB121AAD01}</UniqueIdentifier>
      <Extensions>rc;ico;cur;bmp;dlg;rc2;rct;bin;rgs;gif;jpg;jpeg;jpe;resx;tiff;tif;png;wav;mfcribbon-ms</Extensions>
    </Filter>
    <Filter Include="Shaders">
      <UniqueIdentifier>{037d1561-1d84-45fb-a731-c7ff7736b592}</UniqueIdentifier>
    </Filter>
    <Filter Include="Textures">
      <UniqueIdentifier>{40dc06ce-ead6-4735-8620-ef3c5bc42164}</UniqueIdentifier>
    </Filter>
    <Filter Include="Fonts">
      <UniqueIdentifier>{4becf73f-954f-47ab-8b8c-428e80080c7b}</UniqueIdentifier>
    </Filter>
  </ItemGroup>
  <ItemGroup>
    <Font Include="Assets\TextFont\1_Minecraft-Regular.otf" />
  </ItemGroup>
  <ItemGroup>
    <Image Include="Assets\Textures\gui-atlas.png">
      <Filter>Resource Files</Filter>
    </Image>
    <Image Include="Assets\Textures\oak-leaves-normal-original-default.png">
      <Filter>Resource Files</Filter>
    </Image>
    <Image Include="Assets\Textures\oak-wood.png">
      <Filter>Resource Files</Filter>
    </Image>
    <Image Include="Assets\Textures\textures.png">
      <Filter>Resource Files</Filter>
    </Image>
  </ItemGroup>
  <ItemGroup>
    <ClInclude Include="Core\AppContext.h">
      <Filter>Header Files</Filter>
    </ClInclude>
    <ClInclude Include="Core\Globals.h">
      <Filter>Header Files</Filter>
    </ClInclude>
    <ClInclude Include="Core\pch.h">
      <Filter>Header Files</Filter>
    </ClInclude>
    <ClInclude Include="Core\Time.h">
      <Filter>Header Files</Filter>
    </ClInclude>
    <ClInclude Include="Core\Window.h">
      <Filter>Header Files</Filter>
    </ClInclude>
    <ClInclude Include="Gameplay\Camera.h">
      <Filter>Header Files</Filter>
    </ClInclude>
    <ClInclude Include="Gameplay\CubeSelection.h">
      <Filter>Header Files</Filter>
    </ClInclude>
    <ClInclude Include="Gameplay\DebugUI.h">
      <Filter>Header Files</Filter>
    </ClInclude>
    <ClInclude Include="Gameplay\HUD.h">
      <Filter>Header Files</Filter>
    </ClInclude>
    <ClInclude Include="Gameplay\HUDSprites.h">
      <Filter>Header Files</Filter>
    </ClInclude>
    <ClInclude Include="Gameplay\Raycaster.h">
      <Filter>Header Files</Filter>
    </ClInclude>
    <ClInclude Include="Gameplay\UIRenderer.h">
      <Filter>Header Files</Filter>
    </ClInclude>
    <ClInclude Include="Rendering\ShaderProgram.h">
      <Filter>Header Files</Filter>
    </ClInclude>
    <ClInclude Include="Rendering\stb_image.h">
      <Filter>Header Files</Filter>
    </ClInclude>
    <ClInclude Include="Rendering\Text.h">
      <Filter>Header Files</Filter>
    </ClInclude>
    <ClInclude Include="Rendering\Texture.h">
      <Filter>Header Files</Filter>
    </ClInclude>
    <ClInclude Include="Rendering\Vao.h">
      <Filter>Header Files</Filter>
    </ClInclude>
    <ClInclude Include="Rendering\Vbo.h">
      <Filter>Header Files</Filter>
    </ClInclude>
    <ClInclude Include="World\Chunk.h">
      <Filter>Header Files</Filter>
    </ClInclude>
    <ClInclude Include="World\ChunkPackage.h">
      <Filter>Header Files</Filter>
    </ClInclude>
    <ClInclude Include="World\Cube.h">
      <Filter>Header Files</Filter>
    </ClInclude>
    <ClInclude Include="World\CubeData.h">
      <Filter>Header Files</Filter>
    </ClInclude>
    <ClInclude Include="World\FastNoiseLite.h">
      <Filter>Header Files</Filter>
    </ClInclude>
    <ClInclude Include="World\MeshThread.h">
      <Filter>Header Files</Filter>
    </ClInclude>
    <ClInclude Include="World\TerrainGeneration.h">
      <Filter>Header Files</Filter>
    </ClInclude>
    <ClInclude Include="World\TerrainThread.h">
      <Filter>Header Files</Filter>
    </ClInclude>
    <ClInclude Include="World\TSQueue.h">
      <Filter>Header Files</Filter>
    </ClInclude>
    <ClInclude Include="World\World.h">
      <Filter>Header Files</Filter>
    </ClInclude>
    <ClInclude Include="Gameplay\Player\Player.h">
      <Filter>Header Files</Filter>
    </ClInclude>
  </ItemGroup>
  <ItemGroup>
    <ClCompile Include="Core\Globals.cpp">
      <Filter>Source Files</Filter>
    </ClCompile>
    <ClCompile Include="Core\main.cpp">
      <Filter>Source Files</Filter>
    </ClCompile>
    <ClCompile Include="Core\pch.cpp">
      <Filter>Source Files</Filter>
    </ClCompile>
    <ClCompile Include="Core\Time.cpp">
      <Filter>Source Files</Filter>
    </ClCompile>
    <ClCompile Include="Core\Window.cpp">
      <Filter>Source Files</Filter>
    </ClCompile>
    <ClCompile Include="Externals\glad.c">
      <Filter>Source Files</Filter>
    </ClCompile>
    <ClCompile Include="Gameplay\Camera.cpp">
      <Filter>Source Files</Filter>
    </ClCompile>
    <ClCompile Include="Gameplay\CubeSelection.cpp">
      <Filter>Source Files</Filter>
    </ClCompile>
    <ClCompile Include="Gameplay\DebugUI.cpp">
      <Filter>Source Files</Filter>
    </ClCompile>
    <ClCompile Include="Gameplay\HUD.cpp">
      <Filter>Source Files</Filter>
    </ClCompile>
    <ClCompile Include="Gameplay\HUDSprites.cpp">
      <Filter>Source Files</Filter>
    </ClCompile>
    <ClCompile Include="Gameplay\Raycaster.cpp">
      <Filter>Source Files</Filter>
    </ClCompile>
    <ClCompile Include="Gameplay\UIRenderer.cpp">
      <Filter>Source Files</Filter>
    </ClCompile>
    <ClCompile Include="Rendering\ShaderProgram.cpp">
      <Filter>Source Files</Filter>
    </ClCompile>
    <ClCompile Include="Rendering\stb_image.cpp">
      <Filter>Source Files</Filter>
    </ClCompile>
    <ClCompile Include="Rendering\Text.cpp">
      <Filter>Source Files</Filter>
    </ClCompile>
    <ClCompile Include="Rendering\Texture.cpp">
      <Filter>Source Files</Filter>
    </ClCompile>
    <ClCompile Include="Rendering\Vao.cpp">
      <Filter>Source Files</Filter>
    </ClCompile>
    <ClCompile Include="Rendering\Vbo.cpp">
      <Filter>Source Files</Filter>
    </ClCompile>
    <ClCompile Include="World\Chunk.cpp">
      <Filter>Source Files</Filter>
    </ClCompile>
    <ClCompile Include="World\Cube.cpp">
      <Filter>Source Files</Filter>
    </ClCompile>
    <ClCompile Include="World\MeshThread.cpp">
      <Filter>Source Files</Filter>
    </ClCompile>
    <ClCompile Include="World\TerrainGeneration.cpp">
      <Filter>Source Files</Filter>
    </ClCompile>
    <ClCompile Include="World\TerrainThread.cpp">
      <Filter>Source Files</Filter>
    </ClCompile>
    <ClCompile Include="World\World.cpp">
      <Filter>Source Files</Filter>
    </ClCompile>
    <ClCompile Include="Gameplay\Player\Player.cpp">
      <Filter>Source Files</Filter>
    </ClCompile>
  </ItemGroup>
  <ItemGroup>
    <None Include="Rendering\Shaders\cubeSelection.frag" />
    <None Include="Rendering\Shaders\cubeSelection.vert" />
    <None Include="Rendering\Shaders\fragment.frag" />
    <None Include="Rendering\Shaders\text.frag" />
    <None Include="Rendering\Shaders\text.vert" />
    <None Include="Rendering\Shaders\UIShader.frag" />
    <None Include="Rendering\Shaders\UIShader.vert" />
    <None Include="Rendering\Shaders\vertex.vert" />
  </ItemGroup>
</Project>